
Microsoft Visual Studio Solution File, Format Version 12.00
# Visual Studio Version 17
VisualStudioVersion = 17.5.33424.131
MinimumVisualStudioVersion = 10.0.40219.1
Project("{FAE04EC0-301F-11D3-BF4B-00C04F79EFBC}") = "ContactManager.API", "ContactManager.API.csproj", "{D1711C63-0207-41C0-B93A-97FBF0F2B007}"
EndProject
Global
	GlobalSection(SolutionConfigurationPlatforms) = preSolution
		Debug|Any CPU = Debug|Any CPU
		Release|Any CPU = Release|Any CPU
	EndGlobalSection
	GlobalSection(ProjectConfigurationPlatforms) = postSolution
		{D1711C63-0207-41C0-B93A-97FBF0F2B007}.Debug|Any CPU.ActiveCfg = Debug|Any CPU
		{D1711C63-0207-41C0-B93A-97FBF0F2B007}.Debug|Any CPU.Build.0 = Debug|Any CPU
		{D1711C63-0207-41C0-B93A-97FBF0F2B007}.Release|Any CPU.ActiveCfg = Release|Any CPU
		{D1711C63-0207-41C0-B93A-97FBF0F2B007}.Release|Any CPU.Build.0 = Release|Any CPU
	EndGlobalSection
	GlobalSection(SolutionProperties) = preSolution
		HideSolutionNode = FALSE
	EndGlobalSection
	GlobalSection(ExtensibilityGlobals) = postSolution
		SolutionGuid = {12FE9D3D-7859-49FC-9E01-E840240D0B66}
	EndGlobalSection
EndGlobal
